// !$*UTF8*$!
{
	archiveVersion = 1;
	classes = {
	};
	objectVersion = 46;
	objects = {

/* Begin PBXBuildFile section */
		DA094E6C1C615B2100FFF291 /* SampleFramework.h in Headers */ = {isa = PBXBuildFile; fileRef = DA094E6B1C615B2100FFF291 /* SampleFramework.h */; settings = {ATTRIBUTES = (Public, ); }; };
		DA094E7E1C615D6200FFF291 /* MyViewController.h in Headers */ = {isa = PBXBuildFile; fileRef = DA094E7C1C615D6200FFF291 /* MyViewController.h */; settings = {ATTRIBUTES = (Public, ); }; };
		DA094E7F1C615D6200FFF291 /* MyViewController.m in Sources */ = {isa = PBXBuildFile; fileRef = DA094E7D1C615D6200FFF291 /* MyViewController.m */; };
/* End PBXBuildFile section */

/* Begin PBXFileReference section */
		DA094E681C615B2100FFF291 /* SampleFramework.framework */ = {isa = PBXFileReference; explicitFileType = wrapper.framework; includeInIndex = 0; path = SampleFramework.framework; sourceTree = BUILT_PRODUCTS_DIR; };
		DA094E6B1C615B2100FFF291 /* SampleFramework.h */ = {isa = PBXFileReference; lastKnownFileType = sourcecode.c.h; path = SampleFramework.h; sourceTree = "<group>"; };
		DA094E6D1C615B2100FFF291 /* Info.plist */ = {isa = PBXFileReference; lastKnownFileType = text.plist.xml; path = Info.plist; sourceTree = "<group>"; };
		DA094E7C1C615D6200FFF291 /* MyViewController.h */ = {isa = PBXFileReference; fileEncoding = 4; lastKnownFileType = sourcecode.c.h; path = MyViewController.h; sourceTree = "<group>"; };
		DA094E7D1C615D6200FFF291 /* MyViewController.m */ = {isa = PBXFileReference; fileEncoding = 4; lastKnownFileType = sourcecode.c.objc; path = MyViewController.m; sourceTree = "<group>"; };
/* End PBXFileReference section */

/* Begin PBXFrameworksBuildPhase section */
		DA094E641C615B2100FFF291 /* Frameworks */ = {
			isa = PBXFrameworksBuildPhase;
			buildActionMask = 2147483647;
			files = (
			);
			runOnlyForDeploymentPostprocessing = 0;
		};
/* End PBXFrameworksBuildPhase section */

/* Begin PBXGroup section */
		DA094E5E1C615B2100FFF291 = {
			isa = PBXGroup;
			children = (
				DA094E6A1C615B2100FFF291 /* SampleFramework */,
				DA094E691C615B2100FFF291 /* Products */,
			);
			sourceTree = "<group>";
		};
		DA094E691C615B2100FFF291 /* Products */ = {
			isa = PBXGroup;
			children = (
				DA094E681C615B2100FFF291 /* SampleFramework.framework */,
			);
			name = Products;
			sourceTree = "<group>";
		};
		DA094E6A1C615B2100FFF291 /* SampleFramework */ = {
			isa = PBXGroup;
			children = (
				DA094E6B1C615B2100FFF291 /* SampleFramework.h */,
				DA094E6D1C615B2100FFF291 /* Info.plist */,
				DA094E7C1C615D6200FFF291 /* MyViewController.h */,
				DA094E7D1C615D6200FFF291 /* MyViewController.m */,
			);
			path = SampleFramework;
			sourceTree = "<group>";
		};
/* End PBXGroup section */

/* Begin PBXHeadersBuildPhase section */
		DA094E651C615B2100FFF291 /* Headers */ = {
			isa = PBXHeadersBuildPhase;
			buildActionMask = 2147483647;
			files = (
				DA094E6C1C615B2100FFF291 /* SampleFramework.h in Headers */,
				DA094E7E1C615D6200FFF291 /* MyViewController.h in Headers */,
			);
			runOnlyForDeploymentPostprocessing = 0;
		};
/* End PBXHeadersBuildPhase section */

/* Begin PBXNativeTarget section */
		DA094E671C615B2100FFF291 /* SampleFramework */ = {
			isa = PBXNativeTarget;
			buildConfigurationList = DA094E701C615B2100FFF291 /* Build configuration list for PBXNativeTarget "SampleFramework" */;
			buildPhases = (
				DA094E631C615B2100FFF291 /* Sources */,
				DA094E641C615B2100FFF291 /* Frameworks */,
				DA094E651C615B2100FFF291 /* Headers */,
				DA094E661C615B2100FFF291 /* Resources */,
			);
			buildRules = (
			);
			dependencies = (
			);
			name = SampleFramework;
			productName = SampleFramework;
			productReference = DA094E681C615B2100FFF291 /* SampleFramework.framework */;
			productType = "com.apple.product-type.framework";
		};
/* End PBXNativeTarget section */

/* Begin PBXProject section */
		DA094E5F1C615B2100FFF291 /* Project object */ = {
			isa = PBXProject;
			attributes = {
				LastUpgradeCheck = 0720;
				ORGANIZATIONNAME = Healthtap;
				TargetAttributes = {
					DA094E671C615B2100FFF291 = {
						CreatedOnToolsVersion = 7.2;
					};
				};
			};
			buildConfigurationList = DA094E621C615B2100FFF291 /* Build configuration list for PBXProject "SampleFramework" */;
			compatibilityVersion = "Xcode 3.2";
			developmentRegion = English;
			hasScannedForEncodings = 0;
			knownRegions = (
				en,
			);
			mainGroup = DA094E5E1C615B2100FFF291;
			productRefGroup = DA094E691C615B2100FFF291 /* Products */;
			projectDirPath = "";
			projectRoot = "";
			targets = (
				DA094E671C615B2100FFF291 /* SampleFramework */,
			);
		};
/* End PBXProject section */

/* Begin PBXResourcesBuildPhase section */
		DA094E661C615B2100FFF291 /* Resources */ = {
			isa = PBXResourcesBuildPhase;
			buildActionMask = 2147483647;
			files = (
			);
			runOnlyForDeploymentPostprocessing = 0;
		};
/* End PBXResourcesBuildPhase section */

/* Begin PBXSourcesBuildPhase section */
		DA094E631C615B2100FFF291 /* Sources */ = {
			isa = PBXSourcesBuildPhase;
			buildActionMask = 2147483647;
			files = (
				DA094E7F1C615D6200FFF291 /* MyViewController.m in Sources */,
			);
			runOnlyForDeploymentPostprocessing = 0;
		};
/* End PBXSourcesBuildPhase section */

/* Begin XCBuildConfiguration section */
		DA094E6E1C615B2100FFF291 /* Debug */ = {
			isa = XCBuildConfiguration;
			buildSettings = {
				ALWAYS_SEARCH_USER_PATHS = NO;
				CLANG_CXX_LANGUAGE_STANDARD = "gnu++0x";
				CLANG_CXX_LIBRARY = "libc++";
				CLANG_ENABLE_MODULES = YES;
				CLANG_ENABLE_OBJC_ARC = YES;
				CLANG_WARN_BOOL_CONVERSION = YES;
				CLANG_WARN_CONSTANT_CONVERSION = YES;
				CLANG_WARN_DIRECT_OBJC_ISA_USAGE = YES_ERROR;
				CLANG_WARN_EMPTY_BODY = YES;
				CLANG_WARN_ENUM_CONVERSION = YES;
				CLANG_WARN_INT_CONVERSION = YES;
				CLANG_WARN_OBJC_ROOT_CLASS = YES_ERROR;
				CLANG_WARN_UNREACHABLE_CODE = YES;
				CLANG_WARN__DUPLICATE_METHOD_MATCH = YES;
				"CODE_SIGN_IDENTITY[sdk=iphoneos*]" = "iPhone Developer";
				COPY_PHASE_STRIP = NO;
				CURRENT_PROJECT_VERSION = 1;
				DEBUG_INFORMATION_FORMAT = dwarf;
				ENABLE_STRICT_OBJC_MSGSEND = YES;
				ENABLE_TESTABILITY = YES;
				GCC_C_LANGUAGE_STANDARD = gnu99;
				GCC_DYNAMIC_NO_PIC = NO;
				GCC_NO_COMMON_BLOCKS = YES;
				GCC_OPTIMIZATION_LEVEL = 0;
				GCC_PREPROCESSOR_DEFINITIONS = (
					"DEBUG=1",
					"$(inherited)",
				);
				GCC_WARN_64_TO_32_BIT_CONVERSION = YES;
				GCC_WARN_ABOUT_RETURN_TYPE = YES_ERROR;
				GCC_WARN_UNDECLARED_SELECTOR = YES;
				GCC_WARN_UNINITIALIZED_AUTOS = YES_AGGRESSIVE;
				GCC_WARN_UNUSED_FUNCTION = YES;
				GCC_WARN_UNUSED_VARIABLE = YES;
				IPHONEOS_DEPLOYMENT_TARGET = 9.2;
				MTL_ENABLE_DEBUG_INFO = YES;
				ONLY_ACTIVE_ARCH = YES;
				SDKROOT = iphoneos;
				TARGETED_DEVICE_FAMILY = "1,2";
				VERSIONING_SYSTEM = "apple-generic";
				VERSION_INFO_PREFIX = "";
			};
			name = Debug;
		};
		DA094E6F1C615B2100FFF291 /* Release */ = {
			isa = XCBuildConfiguration;
			buildSettings = {
				ALWAYS_SEARCH_USER_PATHS = NO;
				CLANG_CXX_LANGUAGE_STANDARD = "gnu++0x";
				CLANG_CXX_LIBRARY = "libc++";
				CLANG_ENABLE_MODULES = YES;
				CLANG_ENABLE_OBJC_ARC = YES;
				CLANG_WARN_BOOL_CONVERSION = YES;
				CLANG_WARN_CONSTANT_CONVERSION = YES;
				CLANG_WARN_DIRECT_OBJC_ISA_USAGE = YES_ERROR;
				CLANG_WARN_EMPTY_BODY = YES;
				CLANG_WARN_ENUM_CONVERSION = YES;
				CLANG_WARN_INT_CONVERSION = YES;
				CLANG_WARN_OBJC_ROOT_CLASS = YES_ERROR;
				CLANG_WARN_UNREACHABLE_CODE = YES;
				CLANG_WARN__DUPLICATE_METHOD_MATCH = YES;
				"CODE_SIGN_IDENTITY[sdk=iphoneos*]" = "iPhone Developer";
				COPY_PHASE_STRIP = NO;
				CURRENT_PROJECT_VERSION = 1;
				DEBUG_INFORMATION_FORMAT = "dwarf-with-dsym";
				ENABLE_NS_ASSERTIONS = NO;
				ENABLE_STRICT_OBJC_MSGSEND = YES;
				GCC_C_LANGUAGE_STANDARD = gnu99;
				GCC_NO_COMMON_BLOCKS = YES;
				GCC_WARN_64_TO_32_BIT_CONVERSION = YES;
				GCC_WARN_ABOUT_RETURN_TYPE = YES_ERROR;
				GCC_WARN_UNDECLARED_SELECTOR = YES;
				GCC_WARN_UNINITIALIZED_AUTOS = YES_AGGRESSIVE;
				GCC_WARN_UNUSED_FUNCTION = YES;
				GCC_WARN_UNUSED_VARIABLE = YES;
				IPHONEOS_DEPLOYMENT_TARGET = 9.2;
				MTL_ENABLE_DEBUG_INFO = NO;
				SDKROOT = iphoneos;
				TARGETED_DEVICE_FAMILY = "1,2";
				VALIDATE_PRODUCT = YES;
				VERSIONING_SYSTEM = "apple-generic";
				VERSION_INFO_PREFIX = "";
			};
			name = Release;
		};
		DA094E711C615B2100FFF291 /* Debug */ = {
			isa = XCBuildConfiguration;
			buildSettings = {
				DEFINES_MODULE = YES;
				DYLIB_COMPATIBILITY_VERSION = 1;
				DYLIB_CURRENT_VERSION = 1;
				DYLIB_INSTALL_NAME_BASE = "@rpath";
				INFOPLIST_FILE = SampleFramework/Info.plist;
				INSTALL_PATH = "$(LOCAL_LIBRARY_DIR)/Frameworks";
				LD_RUNPATH_SEARCH_PATHS = "$(inherited) @executable_path/Frameworks @loader_path/Frameworks";
				PRODUCT_BUNDLE_IDENTIFIER = com.healthtap.SampleFramework;
				PRODUCT_NAME = "$(TARGET_NAME)";
				SKIP_INSTALL = YES;
			};
			name = Debug;
		};
		DA094E721C615B2100FFF291 /* Release */ = {
			isa = XCBuildConfiguration;
			buildSettings = {
				DEFINES_MODULE = YES;
				DYLIB_COMPATIBILITY_VERSION = 1;
				DYLIB_CURRENT_VERSION = 1;
				DYLIB_INSTALL_NAME_BASE = "@rpath";
				INFOPLIST_FILE = SampleFramework/Info.plist;
				INSTALL_PATH = "$(LOCAL_LIBRARY_DIR)/Frameworks";
				LD_RUNPATH_SEARCH_PATHS = "$(inherited) @executable_path/Frameworks @loader_path/Frameworks";
				PRODUCT_BUNDLE_IDENTIFIER = com.healthtap.SampleFramework;
				PRODUCT_NAME = "$(TARGET_NAME)";
				SKIP_INSTALL = YES;
			};
			name = Release;
		};
/* End XCBuildConfiguration section */

/* Begin XCConfigurationList section */
		DA094E621C615B2100FFF291 /* Build configuration list for PBXProject "SampleFramework" */ = {
			isa = XCConfigurationList;
			buildConfigurations = (
				DA094E6E1C615B2100FFF291 /* Debug */,
				DA094E6F1C615B2100FFF291 /* Release */,
			);
			defaultConfigurationIsVisible = 0;
			defaultConfigurationName = Release;
		};
		DA094E701C615B2100FFF291 /* Build configuration list for PBXNativeTarget "SampleFramework" */ = {
			isa = XCConfigurationList;
			buildConfigurations = (
				DA094E711C615B2100FFF291 /* Debug */,
				DA094E721C615B2100FFF291 /* Release */,
			);
			defaultConfigurationIsVisible = 0;
			defaultConfigurationName = Release;
		};
/* End XCConfigurationList section */
	};
	rootObject = DA094E5F1C615B2100FFF291 /* Project object */;
}
